{
  "name": "rcv-teams",
  "version": "1.0.0",
  "lockfileVersion": 2,
  "requires": true,
  "packages": {
    "": {
      "name": "rcv-teams",
      "version": "1.0.0",
      "license": "MIT",
      "dependencies": {
        "date-fns": "^2.22.1"
      },
      "devDependencies": {
        "typescript": "^4.3.2"
      }
    },
    "node_modules/date-fns": {
      "version": "2.22.1",
      "resolved": "https://registry.npmjs.org/date-fns/-/date-fns-2.22.1.tgz",
      "integrity": "sha512-yUFPQjrxEmIsMqlHhAhmxkuH769baF21Kk+nZwZGyrMoyLA+LugaQtC0+Tqf9CBUUULWwUJt6Q5ySI3LJDDCGg==",
      "engines": {
        "node": ">=0.11"
      },
      "funding": {
        "type": "opencollective",
        "url": "https://opencollective.com/date-fns"
      }
    },
    "node_modules/typescript": {
      "version": "4.3.2",
      "resolved": "https://registry.npmjs.org/typescript/-/typescript-4.3.2.tgz",
      "integrity": "sha512-zZ4hShnmnoVnAHpVHWpTcxdv7dWP60S2FsydQLV8V5PbS3FifjWFFRiHSWpDJahly88PRyV5teTSLoq4eG7mKw==",
      "dev": true,
      "bin": {
        "tsc": "bin/tsc",
        "tsserver": "bin/tsserver"
      },
      "engines": {
        "node": ">=4.2.0"
      }
    }
  },
  "dependencies": {
    "date-fns": {
      "version": "2.22.1",
      "resolved": "https://registry.npmjs.org/date-fns/-/date-fns-2.22.1.tgz",
      "integrity": "sha512-yUFPQjrxEmIsMqlHhAhmxkuH769baF21Kk+nZwZGyrMoyLA+LugaQtC0+Tqf9CBUUULWwUJt6Q5ySI3LJDDCGg=="
    },
    "typescript": {
      "version": "4.3.2",
      "resolved": "https://registry.npmjs.org/typescript/-/typescript-4.3.2.tgz",
      "integrity": "sha512-zZ4hShnmnoVnAHpVHWpTcxdv7dWP60S2FsydQLV8V5PbS3FifjWFFRiHSWpDJahly88PRyV5teTSLoq4eG7mKw==",
      "dev": true
    }
  }
}
